// !$*UTF8*$!
{
	archiveVersion = 1;
	classes = {
	};
	objectVersion = 55;
	objects = {

/* Begin PBXBuildFile section */
		95135DC7271B517B0059F5DA /* ToDosApp.swift in Sources */ = {isa = PBXBuildFile; fileRef = 95135DC6271B517B0059F5DA /* ToDosApp.swift */; };
		95135DC9271B517B0059F5DA /* ContentView.swift in Sources */ = {isa = PBXBuildFile; fileRef = 95135DC8271B517B0059F5DA /* ContentView.swift */; };
		95135DCB271B517F0059F5DA /* Assets.xcassets in Resources */ = {isa = PBXBuildFile; fileRef = 95135DCA271B517F0059F5DA /* Assets.xcassets */; };
		95135DCE271B517F0059F5DA /* Preview Assets.xcassets in Resources */ = {isa = PBXBuildFile; fileRef = 95135DCD271B517F0059F5DA /* Preview Assets.xcassets */; };
		95135DD8271B51800059F5DA /* ToDosTests.swift in Sources */ = {isa = PBXBuildFile; fileRef = 95135DD7271B51800059F5DA /* ToDosTests.swift */; };
		95135DE2271B51800059F5DA /* ToDosUITests.swift in Sources */ = {isa = PBXBuildFile; fileRef = 95135DE1271B51800059F5DA /* ToDosUITests.swift */; };
		95135DE4271B51800059F5DA /* ToDosUITestsLaunchTests.swift in Sources */ = {isa = PBXBuildFile; fileRef = 95135DE3271B51800059F5DA /* ToDosUITestsLaunchTests.swift */; };
/* End PBXBuildFile section */

/* Begin PBXContainerItemProxy section */
		95135DD4271B51800059F5DA /* PBXContainerItemProxy */ = {
			isa = PBXContainerItemProxy;
			containerPortal = 95135DBB271B517B0059F5DA /* Project object */;
			proxyType = 1;
			remoteGlobalIDString = 95135DC2271B517B0059F5DA;
			remoteInfo = ToDos;
		};
		95135DDE271B51800059F5DA /* PBXContainerItemProxy */ = {
			isa = PBXContainerItemProxy;
			containerPortal = 95135DBB271B517B0059F5DA /* Project object */;
			proxyType = 1;
			remoteGlobalIDString = 95135DC2271B517B0059F5DA;
			remoteInfo = ToDos;
		};
/* End PBXContainerItemProxy section */

/* Begin PBXFileReference section */
		95135DC3271B517B0059F5DA /* ToDos.app */ = {isa = PBXFileReference; explicitFileType = wrapper.application; includeInIndex = 0; path = ToDos.app; sourceTree = BUILT_PRODUCTS_DIR; };
		95135DC6271B517B0059F5DA /* ToDosApp.swift */ = {isa = PBXFileReference; lastKnownFileType = sourcecode.swift; path = ToDosApp.swift; sourceTree = "<group>"; };
		95135DC8271B517B0059F5DA /* ContentView.swift */ = {isa = PBXFileReference; lastKnownFileType = sourcecode.swift; path = ContentView.swift; sourceTree = "<group>"; };
		95135DCA271B517F0059F5DA /* Assets.xcassets */ = {isa = PBXFileReference; lastKnownFileType = folder.assetcatalog; path = Assets.xcassets; sourceTree = "<group>"; };
		95135DCD271B517F0059F5DA /* Preview Assets.xcassets */ = {isa = PBXFileReference; lastKnownFileType = folder.assetcatalog; path = "Preview Assets.xcassets"; sourceTree = "<group>"; };
		95135DD3271B51800059F5DA /* ToDosTests.xctest */ = {isa = PBXFileReference; explicitFileType = wrapper.cfbundle; includeInIndex = 0; path = ToDosTests.xctest; sourceTree = BUILT_PRODUCTS_DIR; };
		95135DD7271B51800059F5DA /* ToDosTests.swift */ = {isa = PBXFileReference; lastKnownFileType = sourcecode.swift; path = ToDosTests.swift; sourceTree = "<group>"; };
		95135DDD271B51800059F5DA /* ToDosUITests.xctest */ = {isa = PBXFileReference; explicitFileType = wrapper.cfbundle; includeInIndex = 0; path = ToDosUITests.xctest; sourceTree = BUILT_PRODUCTS_DIR; };
		95135DE1271B51800059F5DA /* ToDosUITests.swift */ = {isa = PBXFileReference; lastKnownFileType = sourcecode.swift; path = ToDosUITests.swift; sourceTree = "<group>"; };
		95135DE3271B51800059F5DA /* ToDosUITestsLaunchTests.swift */ = {isa = PBXFileReference; lastKnownFileType = sourcecode.swift; path = ToDosUITestsLaunchTests.swift; sourceTree = "<group>"; };
/* End PBXFileReference section */

/* Begin PBXFrameworksBuildPhase section */
		95135DC0271B517B0059F5DA /* Frameworks */ = {
			isa = PBXFrameworksBuildPhase;
			buildActionMask = 2147483647;
			files = (
			);
			runOnlyForDeploymentPostprocessing = 0;
		};
		95135DD0271B51800059F5DA /* Frameworks */ = {
			isa = PBXFrameworksBuildPhase;
			buildActionMask = 2147483647;
			files = (
			);
			runOnlyForDeploymentPostprocessing = 0;
		};
		95135DDA271B51800059F5DA /* Frameworks */ = {
			isa = PBXFrameworksBuildPhase;
			buildActionMask = 2147483647;
			files = (
			);
			runOnlyForDeploymentPostprocessing = 0;
		};
/* End PBXFrameworksBuildPhase section */

/* Begin PBXGroup section */
		95135DBA271B517B0059F5DA = {
			isa = PBXGroup;
			children = (
				95135DC5271B517B0059F5DA /* ToDos */,
				95135DD6271B51800059F5DA /* ToDosTests */,
				95135DE0271B51800059F5DA /* ToDosUITests */,
				95135DC4271B517B0059F5DA /* Products */,
			);
			sourceTree = "<group>";
		};
		95135DC4271B517B0059F5DA /* Products */ = {
			isa = PBXGroup;
			children = (
				95135DC3271B517B0059F5DA /* ToDos.app */,
				95135DD3271B51800059F5DA /* ToDosTests.xctest */,
				95135DDD271B51800059F5DA /* ToDosUITests.xctest */,
			);
			name = Products;
			sourceTree = "<group>";
		};
		95135DC5271B517B0059F5DA /* ToDos */ = {
			isa = PBXGroup;
			children = (
				95135DC6271B517B0059F5DA /* ToDosApp.swift */,
				95135DC8271B517B0059F5DA /* ContentView.swift */,
				95135DCA271B517F0059F5DA /* Assets.xcassets */,
				95135DCC271B517F0059F5DA /* Preview Content */,
			);
			path = ToDos;
			sourceTree = "<group>";
		};
		95135DCC271B517F0059F5DA /* Preview Content */ = {
			isa = PBXGroup;
			children = (
				95135DCD271B517F0059F5DA /* Preview Assets.xcassets */,
			);
			path = "Preview Content";
			sourceTree = "<group>";
		};
		95135DD6271B51800059F5DA /* ToDosTests */ = {
			isa = PBXGroup;
			children = (
				95135DD7271B51800059F5DA /* ToDosTests.swift */,
			);
			path = ToDosTests;
			sourceTree = "<group>";
		};
		95135DE0271B51800059F5DA /* ToDosUITests */ = {
			isa = PBXGroup;
			children = (
				95135DE1271B51800059F5DA /* ToDosUITests.swift */,
				95135DE3271B51800059F5DA /* ToDosUITestsLaunchTests.swift */,
			);
			path = ToDosUITests;
			sourceTree = "<group>";
		};
/* End PBXGroup section */

/* Begin PBXNativeTarget section */
		95135DC2271B517B0059F5DA /* ToDos */ = {
			isa = PBXNativeTarget;
			buildConfigurationList = 95135DE7271B51800059F5DA /* Build configuration list for PBXNativeTarget "ToDos" */;
			buildPhases = (
				95135DBF271B517B0059F5DA /* Sources */,
				95135DC0271B517B0059F5DA /* Frameworks */,
				95135DC1271B517B0059F5DA /* Resources */,
			);
			buildRules = (
			);
			dependencies = (
			);
			name = ToDos;
			productName = ToDos;
			productReference = 95135DC3271B517B0059F5DA /* ToDos.app */;
			productType = "com.apple.product-type.application";
		};
		95135DD2271B51800059F5DA /* ToDosTests */ = {
			isa = PBXNativeTarget;
			buildConfigurationList = 95135DEA271B51800059F5DA /* Build configuration list for PBXNativeTarget "ToDosTests" */;
			buildPhases = (
				95135DCF271B51800059F5DA /* Sources */,
				95135DD0271B51800059F5DA /* Frameworks */,
				95135DD1271B51800059F5DA /* Resources */,
			);
			buildRules = (
			);
			dependencies = (
				95135DD5271B51800059F5DA /* PBXTargetDependency */,
			);
			name = ToDosTests;
			productName = ToDosTests;
			productReference = 95135DD3271B51800059F5DA /* ToDosTests.xctest */;
			productType = "com.apple.product-type.bundle.unit-test";
		};
		95135DDC271B51800059F5DA /* ToDosUITests */ = {
			isa = PBXNativeTarget;
			buildConfigurationList = 95135DED271B51800059F5DA /* Build configuration list for PBXNativeTarget "ToDosUITests" */;
			buildPhases = (
				95135DD9271B51800059F5DA /* Sources */,
				95135DDA271B51800059F5DA /* Frameworks */,
				95135DDB271B51800059F5DA /* Resources */,
			);
			buildRules = (
			);
			dependencies = (
				95135DDF271B51800059F5DA /* PBXTargetDependency */,
			);
			name = ToDosUITests;
			productName = ToDosUITests;
			productReference = 95135DDD271B51800059F5DA /* ToDosUITests.xctest */;
			productType = "com.apple.product-type.bundle.ui-testing";
		};
/* End PBXNativeTarget section */

/* Begin PBXProject section */
		95135DBB271B517B0059F5DA /* Project object */ = {
			isa = PBXProject;
			attributes = {
				BuildIndependentTargetsInParallel = 1;
				LastSwiftUpdateCheck = 1300;
				LastUpgradeCheck = 1300;
				TargetAttributes = {
					95135DC2271B517B0059F5DA = {
						CreatedOnToolsVersion = 13.0;
					};
					95135DD2271B51800059F5DA = {
						CreatedOnToolsVersion = 13.0;
						TestTargetID = 95135DC2271B517B0059F5DA;
					};
					95135DDC271B51800059F5DA = {
						CreatedOnToolsVersion = 13.0;
						TestTargetID = 95135DC2271B517B0059F5DA;
					};
				};
			};
			buildConfigurationList = 95135DBE271B517B0059F5DA /* Build configuration list for PBXProject "ToDos" */;
			compatibilityVersion = "Xcode 13.0";
			developmentRegion = en;
			hasScannedForEncodings = 0;
			knownRegions = (
				en,
				Base,
			);
			mainGroup = 95135DBA271B517B0059F5DA;
			productRefGroup = 95135DC4271B517B0059F5DA /* Products */;
			projectDirPath = "";
			projectRoot = "";
			targets = (
				95135DC2271B517B0059F5DA /* ToDos */,
				95135DD2271B51800059F5DA /* ToDosTests */,
				95135DDC271B51800059F5DA /* ToDosUITests */,
			);
		};
/* End PBXProject section */

/* Begin PBXResourcesBuildPhase section */
		95135DC1271B517B0059F5DA /* Resources */ = {
			isa = PBXResourcesBuildPhase;
			buildActionMask = 2147483647;
			files = (
				95135DCE271B517F0059F5DA /* Preview Assets.xcassets in Resources */,
				95135DCB271B517F0059F5DA /* Assets.xcassets in Resources */,
			);
			runOnlyForDeploymentPostprocessing = 0;
		};
		95135DD1271B51800059F5DA /* Resources */ = {
			isa = PBXResourcesBuildPhase;
			buildActionMask = 2147483647;
			files = (
			);
			runOnlyForDeploymentPostprocessing = 0;
		};
		95135DDB271B51800059F5DA /* Resources */ = {
			isa = PBXResourcesBuildPhase;
			buildActionMask = 2147483647;
			files = (
			);
			runOnlyForDeploymentPostprocessing = 0;
		};
/* End PBXResourcesBuildPhase section */

/* Begin PBXSourcesBuildPhase section */
		95135DBF271B517B0059F5DA /* Sources */ = {
			isa = PBXSourcesBuildPhase;
			buildActionMask = 2147483647;
			files = (
				95135DC9271B517B0059F5DA /* ContentView.swift in Sources */,
				95135DC7271B517B0059F5DA /* ToDosApp.swift in Sources */,
			);
			runOnlyForDeploymentPostprocessing = 0;
		};
		95135DCF271B51800059F5DA /* Sources */ = {
			isa = PBXSourcesBuildPhase;
			buildActionMask = 2147483647;
			files = (
				95135DD8271B51800059F5DA /* ToDosTests.swift in Sources */,
			);
			runOnlyForDeploymentPostprocessing = 0;
		};
		95135DD9271B51800059F5DA /* Sources */ = {
			isa = PBXSourcesBuildPhase;
			buildActionMask = 2147483647;
			files = (
				95135DE4271B51800059F5DA /* ToDosUITestsLaunchTests.swift in Sources */,
				95135DE2271B51800059F5DA /* ToDosUITests.swift in Sources */,
			);
			runOnlyForDeploymentPostprocessing = 0;
		};
/* End PBXSourcesBuildPhase section */

/* Begin PBXTargetDependency section */
		95135DD5271B51800059F5DA /* PBXTargetDependency */ = {
			isa = PBXTargetDependency;
			target = 95135DC2271B517B0059F5DA /* ToDos */;
			targetProxy = 95135DD4271B51800059F5DA /* PBXContainerItemProxy */;
		};
		95135DDF271B51800059F5DA /* PBXTargetDependency */ = {
			isa = PBXTargetDependency;
			target = 95135DC2271B517B0059F5DA /* ToDos */;
			targetProxy = 95135DDE271B51800059F5DA /* PBXContainerItemProxy */;
		};
/* End PBXTargetDependency section */

/* Begin XCBuildConfiguration section */
		95135DE5271B51800059F5DA /* Debug */ = {
			isa = XCBuildConfiguration;
			buildSettings = {
				ALWAYS_SEARCH_USER_PATHS = NO;
				CLANG_ANALYZER_NONNULL = YES;
				CLANG_ANALYZER_NUMBER_OBJECT_CONVERSION = YES_AGGRESSIVE;
				CLANG_CXX_LANGUAGE_STANDARD = "gnu++17";
				CLANG_CXX_LIBRARY = "libc++";
				CLANG_ENABLE_MODULES = YES;
				CLANG_ENABLE_OBJC_ARC = YES;
				CLANG_ENABLE_OBJC_WEAK = YES;
				CLANG_WARN_BLOCK_CAPTURE_AUTORELEASING = YES;
				CLANG_WARN_BOOL_CONVERSION = YES;
				CLANG_WARN_COMMA = YES;
				CLANG_WARN_CONSTANT_CONVERSION = YES;
				CLANG_WARN_DEPRECATED_OBJC_IMPLEMENTATIONS = YES;
				CLANG_WARN_DIRECT_OBJC_ISA_USAGE = YES_ERROR;
				CLANG_WARN_DOCUMENTATION_COMMENTS = YES;
				CLANG_WARN_EMPTY_BODY = YES;
				CLANG_WARN_ENUM_CONVERSION = YES;
				CLANG_WARN_INFINITE_RECURSION = YES;
				CLANG_WARN_INT_CONVERSION = YES;
				CLANG_WARN_NON_LITERAL_NULL_CONVERSION = YES;
				CLANG_WARN_OBJC_IMPLICIT_RETAIN_SELF = YES;
				CLANG_WARN_OBJC_LITERAL_CONVERSION = YES;
				CLANG_WARN_OBJC_ROOT_CLASS = YES_ERROR;
				CLANG_WARN_QUOTED_INCLUDE_IN_FRAMEWORK_HEADER = YES;
				CLANG_WARN_RANGE_LOOP_ANALYSIS = YES;
				CLANG_WARN_STRICT_PROTOTYPES = YES;
				CLANG_WARN_SUSPICIOUS_MOVE = YES;
				CLANG_WARN_UNGUARDED_AVAILABILITY = YES_AGGRESSIVE;
				CLANG_WARN_UNREACHABLE_CODE = YES;
				CLANG_WARN__DUPLICATE_METHOD_MATCH = YES;
				COPY_PHASE_STRIP = NO;
				DEBUG_INFORMATION_FORMAT = dwarf;
				ENABLE_STRICT_OBJC_MSGSEND = YES;
				ENABLE_TESTABILITY = YES;
				GCC_C_LANGUAGE_STANDARD = gnu11;
				GCC_DYNAMIC_NO_PIC = NO;
				GCC_NO_COMMON_BLOCKS = YES;
				GCC_OPTIMIZATION_LEVEL = 0;
				GCC_PREPROCESSOR_DEFINITIONS = (
					"DEBUG=1",
					"$(inherited)",
				);
				GCC_WARN_64_TO_32_BIT_CONVERSION = YES;
				GCC_WARN_ABOUT_RETURN_TYPE = YES_ERROR;
				GCC_WARN_UNDECLARED_SELECTOR = YES;
				GCC_WARN_UNINITIALIZED_AUTOS = YES_AGGRESSIVE;
				GCC_WARN_UNUSED_FUNCTION = YES;
				GCC_WARN_UNUSED_VARIABLE = YES;
				IPHONEOS_DEPLOYMENT_TARGET = 15.0;
				MTL_ENABLE_DEBUG_INFO = INCLUDE_SOURCE;
				MTL_FAST_MATH = YES;
				ONLY_ACTIVE_ARCH = YES;
				SDKROOT = iphoneos;
				SWIFT_ACTIVE_COMPILATION_CONDITIONS = DEBUG;
				SWIFT_OPTIMIZATION_LEVEL = "-Onone";
			};
			name = Debug;
		};
		95135DE6271B51800059F5DA /* Release */ = {
			isa = XCBuildConfiguration;
			buildSettings = {
				ALWAYS_SEARCH_USER_PATHS = NO;
				CLANG_ANALYZER_NONNULL = YES;
				CLANG_ANALYZER_NUMBER_OBJECT_CONVERSION = YES_AGGRESSIVE;
				CLANG_CXX_LANGUAGE_STANDARD = "gnu++17";
				CLANG_CXX_LIBRARY = "libc++";
				CLANG_ENABLE_MODULES = YES;
				CLANG_ENABLE_OBJC_ARC = YES;
				CLANG_ENABLE_OBJC_WEAK = YES;
				CLANG_WARN_BLOCK_CAPTURE_AUTORELEASING = YES;
				CLANG_WARN_BOOL_CONVERSION = YES;
				CLANG_WARN_COMMA = YES;
				CLANG_WARN_CONSTANT_CONVERSION = YES;
				CLANG_WARN_DEPRECATED_OBJC_IMPLEMENTATIONS = YES;
				CLANG_WARN_DIRECT_OBJC_ISA_USAGE = YES_ERROR;
				CLANG_WARN_DOCUMENTATION_COMMENTS = YES;
				CLANG_WARN_EMPTY_BODY = YES;
				CLANG_WARN_ENUM_CONVERSION = YES;
				CLANG_WARN_INFINITE_RECURSION = YES;
				CLANG_WARN_INT_CONVERSION = YES;
				CLANG_WARN_NON_LITERAL_NULL_CONVERSION = YES;
				CLANG_WARN_OBJC_IMPLICIT_RETAIN_SELF = YES;
				CLANG_WARN_OBJC_LITERAL_CONVERSION = YES;
				CLANG_WARN_OBJC_ROOT_CLASS = YES_ERROR;
				CLANG_WARN_QUOTED_INCLUDE_IN_FRAMEWORK_HEADER = YES;
				CLANG_WARN_RANGE_LOOP_ANALYSIS = YES;
				CLANG_WARN_STRICT_PROTOTYPES = YES;
				CLANG_WARN_SUSPICIOUS_MOVE = YES;
				CLANG_WARN_UNGUARDED_AVAILABILITY = YES_AGGRESSIVE;
				CLANG_WARN_UNREACHABLE_CODE = YES;
				CLANG_WARN__DUPLICATE_METHOD_MATCH = YES;
				COPY_PHASE_STRIP = NO;
				DEBUG_INFORMATION_FORMAT = "dwarf-with-dsym";
				ENABLE_NS_ASSERTIONS = NO;
				ENABLE_STRICT_OBJC_MSGSEND = YES;
				GCC_C_LANGUAGE_STANDARD = gnu11;
				GCC_NO_COMMON_BLOCKS = YES;
				GCC_WARN_64_TO_32_BIT_CONVERSION = YES;
				GCC_WARN_ABOUT_RETURN_TYPE = YES_ERROR;
				GCC_WARN_UNDECLARED_SELECTOR = YES;
				GCC_WARN_UNINITIALIZED_AUTOS = YES_AGGRESSIVE;
				GCC_WARN_UNUSED_FUNCTION = YES;
				GCC_WARN_UNUSED_VARIABLE = YES;
				IPHONEOS_DEPLOYMENT_TARGET = 15.0;
				MTL_ENABLE_DEBUG_INFO = NO;
				MTL_FAST_MATH = YES;
				SDKROOT = iphoneos;
				SWIFT_COMPILATION_MODE = wholemodule;
				SWIFT_OPTIMIZATION_LEVEL = "-O";
				VALIDATE_PRODUCT = YES;
			};
			name = Release;
		};
		95135DE8271B51800059F5DA /* Debug */ = {
			isa = XCBuildConfiguration;
			buildSettings = {
				ASSETCATALOG_COMPILER_APPICON_NAME = AppIcon;
				ASSETCATALOG_COMPILER_GLOBAL_ACCENT_COLOR_NAME = AccentColor;
				CODE_SIGN_STYLE = Automatic;
				CURRENT_PROJECT_VERSION = 1;
				DEVELOPMENT_ASSET_PATHS = "\"ToDos/Preview Content\"";
				DEVELOPMENT_TEAM = TVTJ8T6P3A;
				ENABLE_PREVIEWS = YES;
				GENERATE_INFOPLIST_FILE = YES;
				INFOPLIST_KEY_UIApplicationSceneManifest_Generation = YES;
				INFOPLIST_KEY_UIApplicationSupportsIndirectInputEvents = YES;
				INFOPLIST_KEY_UILaunchScreen_Generation = YES;
				INFOPLIST_KEY_UISupportedInterfaceOrientations_iPad = "UIInterfaceOrientationPortrait UIInterfaceOrientationPortraitUpsideDown UIInterfaceOrientationLandscapeLeft UIInterfaceOrientationLandscapeRight";
				INFOPLIST_KEY_UISupportedInterfaceOrientations_iPhone = "UIInterfaceOrientationPortrait UIInterfaceOrientationLandscapeLeft UIInterfaceOrientationLandscapeRight";
				IPHONEOS_DEPLOYMENT_TARGET = 14.0;
				LD_RUNPATH_SEARCH_PATHS = (
					"$(inherited)",
					"@executable_path/Frameworks",
				);
				MARKETING_VERSION = 1.0;
				PRODUCT_BUNDLE_IDENTIFIER = ut.mpc.ToDos;
				PRODUCT_NAME = "$(TARGET_NAME)";
				SWIFT_EMIT_LOC_STRINGS = YES;
				SWIFT_VERSION = 5.0;
				TARGETED_DEVICE_FAMILY = "1,2";
			};
			name = Debug;
		};
		95135DE9271B51800059F5DA /* Release */ = {
			isa = XCBuildConfiguration;
			buildSettings = {
				ASSETCATALOG_COMPILER_APPICON_NAME = AppIcon;
				ASSETCATALOG_COMPILER_GLOBAL_ACCENT_COLOR_NAME = AccentColor;
				CODE_SIGN_STYLE = Automatic;
				CURRENT_PROJECT_VERSION = 1;
				DEVELOPMENT_ASSET_PATHS = "\"ToDos/Preview Content\"";
				DEVELOPMENT_TEAM = TVTJ8T6P3A;
				ENABLE_PREVIEWS = YES;
				GENERATE_INFOPLIST_FILE = YES;
				INFOPLIST_KEY_UIApplicationSceneManifest_Generation = YES;
				INFOPLIST_KEY_UIApplicationSupportsIndirectInputEvents = YES;
				INFOPLIST_KEY_UILaunchScreen_Generation = YES;
				INFOPLIST_KEY_UISupportedInterfaceOrientations_iPad = "UIInterfaceOrientationPortrait UIInterfaceOrientationPortraitUpsideDown UIInterfaceOrientationLandscapeLeft UIInterfaceOrientationLandscapeRight";
				INFOPLIST_KEY_UISupportedInterfaceOrientations_iPhone = "UIInterfaceOrientationPortrait UIInterfaceOrientationLandscapeLeft UIInterfaceOrientationLandscapeRight";
				IPHONEOS_DEPLOYMENT_TARGET = 14.0;
				LD_RUNPATH_SEARCH_PATHS = (
					"$(inherited)",
					"@executable_path/Frameworks",
				);
				MARKETING_VERSION = 1.0;
				PRODUCT_BUNDLE_IDENTIFIER = ut.mpc.ToDos;
				PRODUCT_NAME = "$(TARGET_NAME)";
				SWIFT_EMIT_LOC_STRINGS = YES;
				SWIFT_VERSION = 5.0;
				TARGETED_DEVICE_FAMILY = "1,2";
			};
			name = Release;
		};
		95135DEB271B51800059F5DA /* Debug */ = {
			isa = XCBuildConfiguration;
			buildSettings = {
				ALWAYS_EMBED_SWIFT_STANDARD_LIBRARIES = YES;
				BUNDLE_LOADER = "$(TEST_HOST)";
				CODE_SIGN_STYLE = Automatic;
				CURRENT_PROJECT_VERSION = 1;
				DEVELOPMENT_TEAM = TVTJ8T6P3A;
				GENERATE_INFOPLIST_FILE = YES;
				IPHONEOS_DEPLOYMENT_TARGET = 14.0;
				LD_RUNPATH_SEARCH_PATHS = (
					"$(inherited)",
					"@executable_path/Frameworks",
					"@loader_path/Frameworks",
				);
				MARKETING_VERSION = 1.0;
				PRODUCT_BUNDLE_IDENTIFIER = ut.mpc.ToDosTests;
				PRODUCT_NAME = "$(TARGET_NAME)";
				SWIFT_EMIT_LOC_STRINGS = NO;
				SWIFT_VERSION = 5.0;
				TARGETED_DEVICE_FAMILY = "1,2";
				TEST_HOST = "$(BUILT_PRODUCTS_DIR)/ToDos.app/ToDos";
			};
			name = Debug;
		};
		95135DEC271B51800059F5DA /* Release */ = {
			isa = XCBuildConfiguration;
			buildSettings = {
				ALWAYS_EMBED_SWIFT_STANDARD_LIBRARIES = YES;
				BUNDLE_LOADER = "$(TEST_HOST)";
				CODE_SIGN_STYLE = Automatic;
				CURRENT_PROJECT_VERSION = 1;
				DEVELOPMENT_TEAM = TVTJ8T6P3A;
				GENERATE_INFOPLIST_FILE = YES;
				IPHONEOS_DEPLOYMENT_TARGET = 14.0;
				LD_RUNPATH_SEARCH_PATHS = (
					"$(inherited)",
					"@executable_path/Frameworks",
					"@loader_path/Frameworks",
				);
				MARKETING_VERSION = 1.0;
				PRODUCT_BUNDLE_IDENTIFIER = ut.mpc.ToDosTests;
				PRODUCT_NAME = "$(TARGET_NAME)";
				SWIFT_EMIT_LOC_STRINGS = NO;
				SWIFT_VERSION = 5.0;
				TARGETED_DEVICE_FAMILY = "1,2";
				TEST_HOST = "$(BUILT_PRODUCTS_DIR)/ToDos.app/ToDos";
			};
			name = Release;
		};
		95135DEE271B51800059F5DA /* Debug */ = {
			isa = XCBuildConfiguration;
			buildSettings = {
				ALWAYS_EMBED_SWIFT_STANDARD_LIBRARIES = YES;
				CODE_SIGN_STYLE = Automatic;
				CURRENT_PROJECT_VERSION = 1;
				DEVELOPMENT_TEAM = TVTJ8T6P3A;
				GENERATE_INFOPLIST_FILE = YES;
				LD_RUNPATH_SEARCH_PATHS = (
					"$(inherited)",
					"@executable_path/Frameworks",
					"@loader_path/Frameworks",
				);
				MARKETING_VERSION = 1.0;
				PRODUCT_BUNDLE_IDENTIFIER = ut.mpc.ToDosUITests;
				PRODUCT_NAME = "$(TARGET_NAME)";
				SWIFT_EMIT_LOC_STRINGS = NO;
				SWIFT_VERSION = 5.0;
				TARGETED_DEVICE_FAMILY = "1,2";
				TEST_TARGET_NAME = ToDos;
			};
			name = Debug;
		};
		95135DEF271B51800059F5DA /* Release */ = {
			isa = XCBuildConfiguration;
			buildSettings = {
				ALWAYS_EMBED_SWIFT_STANDARD_LIBRARIES = YES;
				CODE_SIGN_STYLE = Automatic;
				CURRENT_PROJECT_VERSION = 1;
				DEVELOPMENT_TEAM = TVTJ8T6P3A;
				GENERATE_INFOPLIST_FILE = YES;
				LD_RUNPATH_SEARCH_PATHS = (
					"$(inherited)",
					"@executable_path/Frameworks",
					"@loader_path/Frameworks",
				);
				MARKETING_VERSION = 1.0;
				PRODUCT_BUNDLE_IDENTIFIER = ut.mpc.ToDosUITests;
				PRODUCT_NAME = "$(TARGET_NAME)";
				SWIFT_EMIT_LOC_STRINGS = NO;
				SWIFT_VERSION = 5.0;
				TARGETED_DEVICE_FAMILY = "1,2";
				TEST_TARGET_NAME = ToDos;
			};
			name = Release;
		};
/* End XCBuildConfiguration section */

/* Begin XCConfigurationList section */
		95135DBE271B517B0059F5DA /* Build configuration list for PBXProject "ToDos" */ = {
			isa = XCConfigurationList;
			buildConfigurations = (
				95135DE5271B51800059F5DA /* Debug */,
				95135DE6271B51800059F5DA /* Release */,
			);
			defaultConfigurationIsVisible = 0;
			defaultConfigurationName = Release;
		};
		95135DE7271B51800059F5DA /* Build configuration list for PBXNativeTarget "ToDos" */ = {
			isa = XCConfigurationList;
			buildConfigurations = (
				95135DE8271B51800059F5DA /* Debug */,
				95135DE9271B51800059F5DA /* Release */,
			);
			defaultConfigurationIsVisible = 0;
			defaultConfigurationName = Release;
		};
		95135DEA271B51800059F5DA /* Build configuration list for PBXNativeTarget "ToDosTests" */ = {
			isa = XCConfigurationList;
			buildConfigurations = (
				95135DEB271B51800059F5DA /* Debug */,
				95135DEC271B51800059F5DA /* Release */,
			);
			defaultConfigurationIsVisible = 0;
			defaultConfigurationName = Release;
		};
		95135DED271B51800059F5DA /* Build configuration list for PBXNativeTarget "ToDosUITests" */ = {
			isa = XCConfigurationList;
			buildConfigurations = (
				95135DEE271B51800059F5DA /* Debug */,
				95135DEF271B51800059F5DA /* Release */,
			);
			defaultConfigurationIsVisible = 0;
			defaultConfigurationName = Release;
		};
/* End XCConfigurationList section */
	};
	rootObject = 95135DBB271B517B0059F5DA /* Project object */;
}
